
Microsoft Visual Studio Solution File, Format Version 12.00
# Visual Studio Version 18
VisualStudioVersion = 18.3.11505.172
MinimumVisualStudioVersion = 10.0.40219.1
Project("{FAE04EC0-301F-11D3-BF4B-00C04F79EFBC}") = "WebApplication6", "WebApplication6.csproj", "{8EFB30BC-9417-AF86-C251-628311F2F309}"
EndProject
Global
	GlobalSection(SolutionConfigurationPlatforms) = preSolution
		Debug|Any CPU = Debug|Any CPU
		Release|Any CPU = Release|Any CPU
	EndGlobalSection
	GlobalSection(ProjectConfigurationPlatforms) = postSolution
		{8EFB30BC-9417-AF86-C251-628311F2F309}.Debug|Any CPU.ActiveCfg = Debug|Any CPU
		{8EFB30BC-9417-AF86-C251-628311F2F309}.Debug|Any CPU.Build.0 = Debug|Any CPU
		{8EFB30BC-9417-AF86-C251-628311F2F309}.Release|Any CPU.ActiveCfg = Release|Any CPU
		{8EFB30BC-9417-AF86-C251-628311F2F309}.Release|Any CPU.Build.0 = Release|Any CPU
	EndGlobalSection
	GlobalSection(SolutionProperties) = preSolution
		HideSolutionNode = FALSE
	EndGlobalSection
	GlobalSection(ExtensibilityGlobals) = postSolution
		SolutionGuid = {7F3CAEB1-47BB-4D9B-8A0F-673054B37F58}
	EndGlobalSection
EndGlobal
